
Microsoft Visual Studio Solution File, Format Version 12.00
# Visual Studio Version 17
VisualStudioVersion = 17.6.33706.43
MinimumVisualStudioVersion = 10.0.40219.1
Project("{FAE04EC0-301F-11D3-BF4B-00C04F79EFBC}") = "Курсовая_пятнашки", "Курсовая_пятнашки\Курсовая_пятнашки.csproj", "{B1F50918-8683-4EA6-A743-0FD389606F38}"
EndProject
Global
	GlobalSection(SolutionConfigurationPlatforms) = preSolution
		Debug|Any CPU = Debug|Any CPU
		Release|Any CPU = Release|Any CPU
	EndGlobalSection
	GlobalSection(ProjectConfigurationPlatforms) = postSolution
		{B1F50918-8683-4EA6-A743-0FD389606F38}.Debug|Any CPU.ActiveCfg = Debug|Any CPU
		{B1F50918-8683-4EA6-A743-0FD389606F38}.Debug|Any CPU.Build.0 = Debug|Any CPU
		{B1F50918-8683-4EA6-A743-0FD389606F38}.Release|Any CPU.ActiveCfg = Release|Any CPU
		{B1F50918-8683-4EA6-A743-0FD389606F38}.Release|Any CPU.Build.0 = Release|Any CPU
	EndGlobalSection
	GlobalSection(SolutionProperties) = preSolution
		HideSolutionNode = FALSE
	EndGlobalSection
	GlobalSection(ExtensibilityGlobals) = postSolution
		SolutionGuid = {EECABCBC-DB8B-4EDB-A7EC-B4892D4EC8DA}
	EndGlobalSection
EndGlobal
